// !$*UTF8*$!
{
	archiveVersion = 1;
	classes = {
	};
	objectVersion = 46;
	objects = {

/* Begin PBXBuildFile section */
		FD2FDDEF1CCE619F009D6D78 /* main.m in Sources */ = {isa = PBXBuildFile; fileRef = FD2FDDEE1CCE619F009D6D78 /* main.m */; };
		FD2FDDF21CCE619F009D6D78 /* AppDelegate.m in Sources */ = {isa = PBXBuildFile; fileRef = FD2FDDF11CCE619F009D6D78 /* AppDelegate.m */; };
		FD2FDDF51CCE619F009D6D78 /* ViewController.m in Sources */ = {isa = PBXBuildFile; fileRef = FD2FDDF41CCE619F009D6D78 /* ViewController.m */; };
		FD2FDDF81CCE619F009D6D78 /* Main.storyboard in Resources */ = {isa = PBXBuildFile; fileRef = FD2FDDF61CCE619F009D6D78 /* Main.storyboard */; };
		FD2FDDFA1CCE619F009D6D78 /* Assets.xcassets in Resources */ = {isa = PBXBuildFile; fileRef = FD2FDDF91CCE619F009D6D78 /* Assets.xcassets */; };
		FD2FDDFD1CCE619F009D6D78 /* LaunchScreen.storyboard in Resources */ = {isa = PBXBuildFile; fileRef = FD2FDDFB1CCE619F009D6D78 /* LaunchScreen.storyboard */; };
		FD2FDE081CCE619F009D6D78 /* LGW_TableViewAnimationTests.m in Sources */ = {isa = PBXBuildFile; fileRef = FD2FDE071CCE619F009D6D78 /* LGW_TableViewAnimationTests.m */; };
		FD2FDE131CCE619F009D6D78 /* LGW_TableViewAnimationUITests.m in Sources */ = {isa = PBXBuildFile; fileRef = FD2FDE121CCE619F009D6D78 /* LGW_TableViewAnimationUITests.m */; };
		FD2FDE241CCE61EC009D6D78 /* HeaderCell.m in Sources */ = {isa = PBXBuildFile; fileRef = FD2FDE221CCE61EC009D6D78 /* HeaderCell.m */; };
		FD2FDE251CCE61EC009D6D78 /* HeaderCell.xib in Resources */ = {isa = PBXBuildFile; fileRef = FD2FDE231CCE61EC009D6D78 /* HeaderCell.xib */; };
		FD2FDE291CCE621F009D6D78 /* EvaluateCell.m in Sources */ = {isa = PBXBuildFile; fileRef = FD2FDE271CCE621F009D6D78 /* EvaluateCell.m */; };
		FD2FDE2A1CCE621F009D6D78 /* EvaluateCell.xib in Resources */ = {isa = PBXBuildFile; fileRef = FD2FDE281CCE621F009D6D78 /* EvaluateCell.xib */; };
		FD2FDE2C1CCE686F009D6D78 /* seven.png in Resources */ = {isa = PBXBuildFile; fileRef = FD2FDE2B1CCE686F009D6D78 /* seven.png */; };
		FD2FDEBC1CCF3895009D6D78 /* CellEnterTheAnimationViewController.m in Sources */ = {isa = PBXBuildFile; fileRef = FD2FDEBB1CCF3895009D6D78 /* CellEnterTheAnimationViewController.m */; };
		FD2FDEC11CCF3952009D6D78 /* NavAndHeaderChangeViewController.m in Sources */ = {isa = PBXBuildFile; fileRef = FD2FDEC01CCF3952009D6D78 /* NavAndHeaderChangeViewController.m */; };
		FD2FDEC31CCF3C6B009D6D78 /* huoying.jpg in Resources */ = {isa = PBXBuildFile; fileRef = FD2FDEC21CCF3C6B009D6D78 /* huoying.jpg */; };
/* End PBXBuildFile section */

/* Begin PBXContainerItemProxy section */
		FD2FDE041CCE619F009D6D78 /* PBXContainerItemProxy */ = {
			isa = PBXContainerItemProxy;
			containerPortal = FD2FDDE21CCE619F009D6D78 /* Project object */;
			proxyType = 1;
			remoteGlobalIDString = FD2FDDE91CCE619F009D6D78;
			remoteInfo = LGW_TableViewAnimation;
		};
		FD2FDE0F1CCE619F009D6D78 /* PBXContainerItemProxy */ = {
			isa = PBXContainerItemProxy;
			containerPortal = FD2FDDE21CCE619F009D6D78 /* Project object */;
			proxyType = 1;
			remoteGlobalIDString = FD2FDDE91CCE619F009D6D78;
			remoteInfo = LGW_TableViewAnimation;
		};
/* End PBXContainerItemProxy section */

/* Begin PBXFileReference section */
		FD2FDDEA1CCE619F009D6D78 /* LGW_TableViewAnimation.app */ = {isa = PBXFileReference; explicitFileType = wrapper.application; includeInIndex = 0; path = LGW_TableViewAnimation.app; sourceTree = BUILT_PRODUCTS_DIR; };
		FD2FDDEE1CCE619F009D6D78 /* main.m */ = {isa = PBXFileReference; lastKnownFileType = sourcecode.c.objc; path = main.m; sourceTree = "<group>"; };
		FD2FDDF01CCE619F009D6D78 /* AppDelegate.h */ = {isa = PBXFileReference; lastKnownFileType = sourcecode.c.h; path = AppDelegate.h; sourceTree = "<group>"; };
		FD2FDDF11CCE619F009D6D78 /* AppDelegate.m */ = {isa = PBXFileReference; lastKnownFileType = sourcecode.c.objc; path = AppDelegate.m; sourceTree = "<group>"; };
		FD2FDDF31CCE619F009D6D78 /* ViewController.h */ = {isa = PBXFileReference; lastKnownFileType = sourcecode.c.h; path = ViewController.h; sourceTree = "<group>"; };
		FD2FDDF41CCE619F009D6D78 /* ViewController.m */ = {isa = PBXFileReference; lastKnownFileType = sourcecode.c.objc; path = ViewController.m; sourceTree = "<group>"; };
		FD2FDDF71CCE619F009D6D78 /* Base */ = {isa = PBXFileReference; lastKnownFileType = file.storyboard; name = Base; path = Base.lproj/Main.storyboard; sourceTree = "<group>"; };
		FD2FDDF91CCE619F009D6D78 /* Assets.xcassets */ = {isa = PBXFileReference; lastKnownFileType = folder.assetcatalog; path = Assets.xcassets; sourceTree = "<group>"; };
		FD2FDDFC1CCE619F009D6D78 /* Base */ = {isa = PBXFileReference; lastKnownFileType = file.storyboard; name = Base; path = Base.lproj/LaunchScreen.storyboard; sourceTree = "<group>"; };
		FD2FDDFE1CCE619F009D6D78 /* Info.plist */ = {isa = PBXFileReference; lastKnownFileType = text.plist.xml; path = Info.plist; sourceTree = "<group>"; };
		FD2FDE031CCE619F009D6D78 /* LGW_TableViewAnimationTests.xctest */ = {isa = PBXFileReference; explicitFileType = wrapper.cfbundle; includeInIndex = 0; path = LGW_TableViewAnimationTests.xctest; sourceTree = BUILT_PRODUCTS_DIR; };
		FD2FDE071CCE619F009D6D78 /* LGW_TableViewAnimationTests.m */ = {isa = PBXFileReference; lastKnownFileType = sourcecode.c.objc; path = LGW_TableViewAnimationTests.m; sourceTree = "<group>"; };
		FD2FDE091CCE619F009D6D78 /* Info.plist */ = {isa = PBXFileReference; lastKnownFileType = text.plist.xml; path = Info.plist; sourceTree = "<group>"; };
		FD2FDE0E1CCE619F009D6D78 /* LGW_TableViewAnimationUITests.xctest */ = {isa = PBXFileReference; explicitFileType = wrapper.cfbundle; includeInIndex = 0; path = LGW_TableViewAnimationUITests.xctest; sourceTree = BUILT_PRODUCTS_DIR; };
		FD2FDE121CCE619F009D6D78 /* LGW_TableViewAnimationUITests.m */ = {isa = PBXFileReference; lastKnownFileType = sourcecode.c.objc; path = LGW_TableViewAnimationUITests.m; sourceTree = "<group>"; };
		FD2FDE141CCE619F009D6D78 /* Info.plist */ = {isa = PBXFileReference; lastKnownFileType = text.plist.xml; path = Info.plist; sourceTree = "<group>"; };
		FD2FDE211CCE61EC009D6D78 /* HeaderCell.h */ = {isa = PBXFileReference; fileEncoding = 4; lastKnownFileType = sourcecode.c.h; path = HeaderCell.h; sourceTree = "<group>"; };
		FD2FDE221CCE61EC009D6D78 /* HeaderCell.m */ = {isa = PBXFileReference; fileEncoding = 4; lastKnownFileType = sourcecode.c.objc; path = HeaderCell.m; sourceTree = "<group>"; };
		FD2FDE231CCE61EC009D6D78 /* HeaderCell.xib */ = {isa = PBXFileReference; fileEncoding = 4; lastKnownFileType = file.xib; path = HeaderCell.xib; sourceTree = "<group>"; };
		FD2FDE261CCE621F009D6D78 /* EvaluateCell.h */ = {isa = PBXFileReference; fileEncoding = 4; lastKnownFileType = sourcecode.c.h; path = EvaluateCell.h; sourceTree = "<group>"; };
		FD2FDE271CCE621F009D6D78 /* EvaluateCell.m */ = {isa = PBXFileReference; fileEncoding = 4; lastKnownFileType = sourcecode.c.objc; path = EvaluateCell.m; sourceTree = "<group>"; };
		FD2FDE281CCE621F009D6D78 /* EvaluateCell.xib */ = {isa = PBXFileReference; fileEncoding = 4; lastKnownFileType = file.xib; path = EvaluateCell.xib; sourceTree = "<group>"; };
		FD2FDE2B1CCE686F009D6D78 /* seven.png */ = {isa = PBXFileReference; lastKnownFileType = image.png; path = seven.png; sourceTree = "<group>"; };
		FD2FDEBA1CCF3895009D6D78 /* CellEnterTheAnimationViewController.h */ = {isa = PBXFileReference; fileEncoding = 4; lastKnownFileType = sourcecode.c.h; path = CellEnterTheAnimationViewController.h; sourceTree = "<group>"; };
		FD2FDEBB1CCF3895009D6D78 /* CellEnterTheAnimationViewController.m */ = {isa = PBXFileReference; fileEncoding = 4; lastKnownFileType = sourcecode.c.objc; path = CellEnterTheAnimationViewController.m; sourceTree = "<group>"; };
		FD2FDEBF1CCF3952009D6D78 /* NavAndHeaderChangeViewController.h */ = {isa = PBXFileReference; fileEncoding = 4; lastKnownFileType = sourcecode.c.h; path = NavAndHeaderChangeViewController.h; sourceTree = "<group>"; };
		FD2FDEC01CCF3952009D6D78 /* NavAndHeaderChangeViewController.m */ = {isa = PBXFileReference; fileEncoding = 4; lastKnownFileType = sourcecode.c.objc; path = NavAndHeaderChangeViewController.m; sourceTree = "<group>"; };
		FD2FDEC21CCF3C6B009D6D78 /* huoying.jpg */ = {isa = PBXFileReference; lastKnownFileType = image.jpeg; path = huoying.jpg; sourceTree = "<group>"; };
/* End PBXFileReference section */

/* Begin PBXFrameworksBuildPhase section */
		FD2FDDE71CCE619F009D6D78 /* Frameworks */ = {
			isa = PBXFrameworksBuildPhase;
			buildActionMask = 2147483647;
			files = (
			);
			runOnlyForDeploymentPostprocessing = 0;
		};
		FD2FDE001CCE619F009D6D78 /* Frameworks */ = {
			isa = PBXFrameworksBuildPhase;
			buildActionMask = 2147483647;
			files = (
			);
			runOnlyForDeploymentPostprocessing = 0;
		};
		FD2FDE0B1CCE619F009D6D78 /* Frameworks */ = {
			isa = PBXFrameworksBuildPhase;
			buildActionMask = 2147483647;
			files = (
			);
			runOnlyForDeploymentPostprocessing = 0;
		};
/* End PBXFrameworksBuildPhase section */

/* Begin PBXGroup section */
		FD2FDDE11CCE619F009D6D78 = {
			isa = PBXGroup;
			children = (
				FD2FDDEC1CCE619F009D6D78 /* LGW_TableViewAnimation */,
				FD2FDE061CCE619F009D6D78 /* LGW_TableViewAnimationTests */,
				FD2FDE111CCE619F009D6D78 /* LGW_TableViewAnimationUITests */,
				FD2FDDEB1CCE619F009D6D78 /* Products */,
			);
			sourceTree = "<group>";
		};
		FD2FDDEB1CCE619F009D6D78 /* Products */ = {
			isa = PBXGroup;
			children = (
				FD2FDDEA1CCE619F009D6D78 /* LGW_TableViewAnimation.app */,
				FD2FDE031CCE619F009D6D78 /* LGW_TableViewAnimationTests.xctest */,
				FD2FDE0E1CCE619F009D6D78 /* LGW_TableViewAnimationUITests.xctest */,
			);
			name = Products;
			sourceTree = "<group>";
		};
		FD2FDDEC1CCE619F009D6D78 /* LGW_TableViewAnimation */ = {
			isa = PBXGroup;
			children = (
				FD2FDDF01CCE619F009D6D78 /* AppDelegate.h */,
				FD2FDDF11CCE619F009D6D78 /* AppDelegate.m */,
				FD2FDDF31CCE619F009D6D78 /* ViewController.h */,
				FD2FDDF41CCE619F009D6D78 /* ViewController.m */,
				FD2FDEBE1CCF3935009D6D78 /* tableView滑动nav、header动画 */,
				FD2FDEBD1CCF38EE009D6D78 /* Cell进入动画 */,
				FD2FDDF61CCE619F009D6D78 /* Main.storyboard */,
				FD2FDDF91CCE619F009D6D78 /* Assets.xcassets */,
				FD2FDEC21CCF3C6B009D6D78 /* huoying.jpg */,
				FD2FDDFB1CCE619F009D6D78 /* LaunchScreen.storyboard */,
				FD2FDDFE1CCE619F009D6D78 /* Info.plist */,
				FD2FDDED1CCE619F009D6D78 /* Supporting Files */,
			);
			path = LGW_TableViewAnimation;
			sourceTree = "<group>";
		};
		FD2FDDED1CCE619F009D6D78 /* Supporting Files */ = {
			isa = PBXGroup;
			children = (
				FD2FDDEE1CCE619F009D6D78 /* main.m */,
			);
			name = "Supporting Files";
			sourceTree = "<group>";
		};
		FD2FDE061CCE619F009D6D78 /* LGW_TableViewAnimationTests */ = {
			isa = PBXGroup;
			children = (
				FD2FDE071CCE619F009D6D78 /* LGW_TableViewAnimationTests.m */,
				FD2FDE091CCE619F009D6D78 /* Info.plist */,
			);
			path = LGW_TableViewAnimationTests;
			sourceTree = "<group>";
		};
		FD2FDE111CCE619F009D6D78 /* LGW_TableViewAnimationUITests */ = {
			isa = PBXGroup;
			children = (
				FD2FDE121CCE619F009D6D78 /* LGW_TableViewAnimationUITests.m */,
				FD2FDE141CCE619F009D6D78 /* Info.plist */,
			);
			path = LGW_TableViewAnimationUITests;
			sourceTree = "<group>";
		};
		FD2FDE201CCE61D5009D6D78 /* Cells */ = {
			isa = PBXGroup;
			children = (
				FD2FDE2B1CCE686F009D6D78 /* seven.png */,
				FD2FDE211CCE61EC009D6D78 /* HeaderCell.h */,
				FD2FDE221CCE61EC009D6D78 /* HeaderCell.m */,
				FD2FDE231CCE61EC009D6D78 /* HeaderCell.xib */,
				FD2FDE261CCE621F009D6D78 /* EvaluateCell.h */,
				FD2FDE271CCE621F009D6D78 /* EvaluateCell.m */,
				FD2FDE281CCE621F009D6D78 /* EvaluateCell.xib */,
			);
			name = Cells;
			sourceTree = "<group>";
		};
		FD2FDEBD1CCF38EE009D6D78 /* Cell进入动画 */ = {
			isa = PBXGroup;
			children = (
				FD2FDEBA1CCF3895009D6D78 /* CellEnterTheAnimationViewController.h */,
				FD2FDEBB1CCF3895009D6D78 /* CellEnterTheAnimationViewController.m */,
				FD2FDE201CCE61D5009D6D78 /* Cells */,
			);
			name = "Cell进入动画";
			sourceTree = "<group>";
		};
		FD2FDEBE1CCF3935009D6D78 /* tableView滑动nav、header动画 */ = {
			isa = PBXGroup;
			children = (
				FD2FDEBF1CCF3952009D6D78 /* NavAndHeaderChangeViewController.h */,
				FD2FDEC01CCF3952009D6D78 /* NavAndHeaderChangeViewController.m */,
			);
			name = "tableView滑动nav、header动画";
			sourceTree = "<group>";
		};
/* End PBXGroup section */

/* Begin PBXNativeTarget section */
		FD2FDDE91CCE619F009D6D78 /* LGW_TableViewAnimation */ = {
			isa = PBXNativeTarget;
			buildConfigurationList = FD2FDE171CCE619F009D6D78 /* Build configuration list for PBXNativeTarget "LGW_TableViewAnimation" */;
			buildPhases = (
				FD2FDDE61CCE619F009D6D78 /* Sources */,
				FD2FDDE71CCE619F009D6D78 /* Frameworks */,
				FD2FDDE81CCE619F009D6D78 /* Resources */,
			);
			buildRules = (
			);
			dependencies = (
			);
			name = LGW_TableViewAnimation;
			productName = LGW_TableViewAnimation;
			productReference = FD2FDDEA1CCE619F009D6D78 /* LGW_TableViewAnimation.app */;
			productType = "com.apple.product-type.application";
		};
		FD2FDE021CCE619F009D6D78 /* LGW_TableViewAnimationTests */ = {
			isa = PBXNativeTarget;
			buildConfigurationList = FD2FDE1A1CCE619F009D6D78 /* Build configuration list for PBXNativeTarget "LGW_TableViewAnimationTests" */;
			buildPhases = (
				FD2FDDFF1CCE619F009D6D78 /* Sources */,
				FD2FDE001CCE619F009D6D78 /* Frameworks */,
				FD2FDE011CCE619F009D6D78 /* Resources */,
			);
			buildRules = (
			);
			dependencies = (
				FD2FDE051CCE619F009D6D78 /* PBXTargetDependency */,
			);
			name = LGW_TableViewAnimationTests;
			productName = LGW_TableViewAnimationTests;
			productReference = FD2FDE031CCE619F009D6D78 /* LGW_TableViewAnimationTests.xctest */;
			productType = "com.apple.product-type.bundle.unit-test";
		};
		FD2FDE0D1CCE619F009D6D78 /* LGW_TableViewAnimationUITests */ = {
			isa = PBXNativeTarget;
			buildConfigurationList = FD2FDE1D1CCE619F009D6D78 /* Build configuration list for PBXNativeTarget "LGW_TableViewAnimationUITests" */;
			buildPhases = (
				FD2FDE0A1CCE619F009D6D78 /* Sources */,
				FD2FDE0B1CCE619F009D6D78 /* Frameworks */,
				FD2FDE0C1CCE619F009D6D78 /* Resources */,
			);
			buildRules = (
			);
			dependencies = (
				FD2FDE101CCE619F009D6D78 /* PBXTargetDependency */,
			);
			name = LGW_TableViewAnimationUITests;
			productName = LGW_TableViewAnimationUITests;
			productReference = FD2FDE0E1CCE619F009D6D78 /* LGW_TableViewAnimationUITests.xctest */;
			productType = "com.apple.product-type.bundle.ui-testing";
		};
/* End PBXNativeTarget section */

/* Begin PBXProject section */
		FD2FDDE21CCE619F009D6D78 /* Project object */ = {
			isa = PBXProject;
			attributes = {
				LastUpgradeCheck = 0730;
				ORGANIZATIONNAME = "第七代目";
				TargetAttributes = {
					FD2FDDE91CCE619F009D6D78 = {
						CreatedOnToolsVersion = 7.3;
					};
					FD2FDE021CCE619F009D6D78 = {
						CreatedOnToolsVersion = 7.3;
						TestTargetID = FD2FDDE91CCE619F009D6D78;
					};
					FD2FDE0D1CCE619F009D6D78 = {
						CreatedOnToolsVersion = 7.3;
						TestTargetID = FD2FDDE91CCE619F009D6D78;
					};
				};
			};
			buildConfigurationList = FD2FDDE51CCE619F009D6D78 /* Build configuration list for PBXProject "LGW_TableViewAnimation" */;
			compatibilityVersion = "Xcode 3.2";
			developmentRegion = English;
			hasScannedForEncodings = 0;
			knownRegions = (
				en,
				Base,
			);
			mainGroup = FD2FDDE11CCE619F009D6D78;
			productRefGroup = FD2FDDEB1CCE619F009D6D78 /* Products */;
			projectDirPath = "";
			projectRoot = "";
			targets = (
				FD2FDDE91CCE619F009D6D78 /* LGW_TableViewAnimation */,
				FD2FDE021CCE619F009D6D78 /* LGW_TableViewAnimationTests */,
				FD2FDE0D1CCE619F009D6D78 /* LGW_TableViewAnimationUITests */,
			);
		};
/* End PBXProject section */

/* Begin PBXResourcesBuildPhase section */
		FD2FDDE81CCE619F009D6D78 /* Resources */ = {
			isa = PBXResourcesBuildPhase;
			buildActionMask = 2147483647;
			files = (
				FD2FDE251CCE61EC009D6D78 /* HeaderCell.xib in Resources */,
				FD2FDE2C1CCE686F009D6D78 /* seven.png in Resources */,
				FD2FDE2A1CCE621F009D6D78 /* EvaluateCell.xib in Resources */,
				FD2FDDFD1CCE619F009D6D78 /* LaunchScreen.storyboard in Resources */,
				FD2FDDFA1CCE619F009D6D78 /* Assets.xcassets in Resources */,
				FD2FDDF81CCE619F009D6D78 /* Main.storyboard in Resources */,
				FD2FDEC31CCF3C6B009D6D78 /* huoying.jpg in Resources */,
			);
			runOnlyForDeploymentPostprocessing = 0;
		};
		FD2FDE011CCE619F009D6D78 /* Resources */ = {
			isa = PBXResourcesBuildPhase;
			buildActionMask = 2147483647;
			files = (
			);
			runOnlyForDeploymentPostprocessing = 0;
		};
		FD2FDE0C1CCE619F009D6D78 /* Resources */ = {
			isa = PBXResourcesBuildPhase;
			buildActionMask = 2147483647;
			files = (
			);
			runOnlyForDeploymentPostprocessing = 0;
		};
/* End PBXResourcesBuildPhase section */

/* Begin PBXSourcesBuildPhase section */
		FD2FDDE61CCE619F009D6D78 /* Sources */ = {
			isa = PBXSourcesBuildPhase;
			buildActionMask = 2147483647;
			files = (
				FD2FDE241CCE61EC009D6D78 /* HeaderCell.m in Sources */,
				FD2FDDF51CCE619F009D6D78 /* ViewController.m in Sources */,
				FD2FDE291CCE621F009D6D78 /* EvaluateCell.m in Sources */,
				FD2FDDF21CCE619F009D6D78 /* AppDelegate.m in Sources */,
				FD2FDEBC1CCF3895009D6D78 /* CellEnterTheAnimationViewController.m in Sources */,
				FD2FDEC11CCF3952009D6D78 /* NavAndHeaderChangeViewController.m in Sources */,
				FD2FDDEF1CCE619F009D6D78 /* main.m in Sources */,
			);
			runOnlyForDeploymentPostprocessing = 0;
		};
		FD2FDDFF1CCE619F009D6D78 /* Sources */ = {
			isa = PBXSourcesBuildPhase;
			buildActionMask = 2147483647;
			files = (
				FD2FDE081CCE619F009D6D78 /* LGW_TableViewAnimationTests.m in Sources */,
			);
			runOnlyForDeploymentPostprocessing = 0;
		};
		FD2FDE0A1CCE619F009D6D78 /* Sources */ = {
			isa = PBXSourcesBuildPhase;
			buildActionMask = 2147483647;
			files = (
				FD2FDE131CCE619F009D6D78 /* LGW_TableViewAnimationUITests.m in Sources */,
			);
			runOnlyForDeploymentPostprocessing = 0;
		};
/* End PBXSourcesBuildPhase section */

/* Begin PBXTargetDependency section */
		FD2FDE051CCE619F009D6D78 /* PBXTargetDependency */ = {
			isa = PBXTargetDependency;
			target = FD2FDDE91CCE619F009D6D78 /* LGW_TableViewAnimation */;
			targetProxy = FD2FDE041CCE619F009D6D78 /* PBXContainerItemProxy */;
		};
		FD2FDE101CCE619F009D6D78 /* PBXTargetDependency */ = {
			isa = PBXTargetDependency;
			target = FD2FDDE91CCE619F009D6D78 /* LGW_TableViewAnimation */;
			targetProxy = FD2FDE0F1CCE619F009D6D78 /* PBXContainerItemProxy */;
		};
/* End PBXTargetDependency section */

/* Begin PBXVariantGroup section */
		FD2FDDF61CCE619F009D6D78 /* Main.storyboard */ = {
			isa = PBXVariantGroup;
			children = (
				FD2FDDF71CCE619F009D6D78 /* Base */,
			);
			name = Main.storyboard;
			sourceTree = "<group>";
		};
		FD2FDDFB1CCE619F009D6D78 /* LaunchScreen.storyboard */ = {
			isa = PBXVariantGroup;
			children = (
				FD2FDDFC1CCE619F009D6D78 /* Base */,
			);
			name = LaunchScreen.storyboard;
			sourceTree = "<group>";
		};
/* End PBXVariantGroup section */

/* Begin XCBuildConfiguration section */
		FD2FDE151CCE619F009D6D78 /* Debug */ = {
			isa = XCBuildConfiguration;
			buildSettings = {
				ALWAYS_SEARCH_USER_PATHS = NO;
				CLANG_ANALYZER_NONNULL = YES;
				CLANG_CXX_LANGUAGE_STANDARD = "gnu++0x";
				CLANG_CXX_LIBRARY = "libc++";
				CLANG_ENABLE_MODULES = YES;
				CLANG_ENABLE_OBJC_ARC = YES;
				CLANG_WARN_BOOL_CONVERSION = YES;
				CLANG_WARN_CONSTANT_CONVERSION = YES;
				CLANG_WARN_DIRECT_OBJC_ISA_USAGE = YES_ERROR;
				CLANG_WARN_EMPTY_BODY = YES;
				CLANG_WARN_ENUM_CONVERSION = YES;
				CLANG_WARN_INT_CONVERSION = YES;
				CLANG_WARN_OBJC_ROOT_CLASS = YES_ERROR;
				CLANG_WARN_UNREACHABLE_CODE = YES;
				CLANG_WARN__DUPLICATE_METHOD_MATCH = YES;
				"CODE_SIGN_IDENTITY[sdk=iphoneos*]" = "iPhone Developer";
				COPY_PHASE_STRIP = NO;
				DEBUG_INFORMATION_FORMAT = dwarf;
				ENABLE_STRICT_OBJC_MSGSEND = YES;
				ENABLE_TESTABILITY = YES;
				GCC_C_LANGUAGE_STANDARD = gnu99;
				GCC_DYNAMIC_NO_PIC = NO;
				GCC_NO_COMMON_BLOCKS = YES;
				GCC_OPTIMIZATION_LEVEL = 0;
				GCC_PREPROCESSOR_DEFINITIONS = (
					"DEBUG=1",
					"$(inherited)",
				);
				GCC_WARN_64_TO_32_BIT_CONVERSION = YES;
				GCC_WARN_ABOUT_RETURN_TYPE = YES_ERROR;
				GCC_WARN_UNDECLARED_SELECTOR = YES;
				GCC_WARN_UNINITIALIZED_AUTOS = YES_AGGRESSIVE;
				GCC_WARN_UNUSED_FUNCTION = YES;
				GCC_WARN_UNUSED_VARIABLE = YES;
				IPHONEOS_DEPLOYMENT_TARGET = 9.3;
				MTL_ENABLE_DEBUG_INFO = YES;
				ONLY_ACTIVE_ARCH = YES;
				SDKROOT = iphoneos;
			};
			name = Debug;
		};
		FD2FDE161CCE619F009D6D78 /* Release */ = {
			isa = XCBuildConfiguration;
			buildSettings = {
				ALWAYS_SEARCH_USER_PATHS = NO;
				CLANG_ANALYZER_NONNULL = YES;
				CLANG_CXX_LANGUAGE_STANDARD = "gnu++0x";
				CLANG_CXX_LIBRARY = "libc++";
				CLANG_ENABLE_MODULES = YES;
				CLANG_ENABLE_OBJC_ARC = YES;
				CLANG_WARN_BOOL_CONVERSION = YES;
				CLANG_WARN_CONSTANT_CONVERSION = YES;
				CLANG_WARN_DIRECT_OBJC_ISA_USAGE = YES_ERROR;
				CLANG_WARN_EMPTY_BODY = YES;
				CLANG_WARN_ENUM_CONVERSION = YES;
				CLANG_WARN_INT_CONVERSION = YES;
				CLANG_WARN_OBJC_ROOT_CLASS = YES_ERROR;
				CLANG_WARN_UNREACHABLE_CODE = YES;
				CLANG_WARN__DUPLICATE_METHOD_MATCH = YES;
				"CODE_SIGN_IDENTITY[sdk=iphoneos*]" = "iPhone Developer";
				COPY_PHASE_STRIP = NO;
				DEBUG_INFORMATION_FORMAT = "dwarf-with-dsym";
				ENABLE_NS_ASSERTIONS = NO;
				ENABLE_STRICT_OBJC_MSGSEND = YES;
				GCC_C_LANGUAGE_STANDARD = gnu99;
				GCC_NO_COMMON_BLOCKS = YES;
				GCC_WARN_64_TO_32_BIT_CONVERSION = YES;
				GCC_WARN_ABOUT_RETURN_TYPE = YES_ERROR;
				GCC_WARN_UNDECLARED_SELECTOR = YES;
				GCC_WARN_UNINITIALIZED_AUTOS = YES_AGGRESSIVE;
				GCC_WARN_UNUSED_FUNCTION = YES;
				GCC_WARN_UNUSED_VARIABLE = YES;
				IPHONEOS_DEPLOYMENT_TARGET = 9.3;
				MTL_ENABLE_DEBUG_INFO = NO;
				SDKROOT = iphoneos;
				VALIDATE_PRODUCT = YES;
			};
			name = Release;
		};
		FD2FDE181CCE619F009D6D78 /* Debug */ = {
			isa = XCBuildConfiguration;
			buildSettings = {
				ASSETCATALOG_COMPILER_APPICON_NAME = AppIcon;
				INFOPLIST_FILE = LGW_TableViewAnimation/Info.plist;
				LD_RUNPATH_SEARCH_PATHS = "$(inherited) @executable_path/Frameworks";
				PRODUCT_BUNDLE_IDENTIFIER = "com.diqidaimu.LGW-TableViewAnimation";
				PRODUCT_NAME = "$(TARGET_NAME)";
			};
			name = Debug;
		};
		FD2FDE191CCE619F009D6D78 /* Release */ = {
			isa = XCBuildConfiguration;
			buildSettings = {
				ASSETCATALOG_COMPILER_APPICON_NAME = AppIcon;
				INFOPLIST_FILE = LGW_TableViewAnimation/Info.plist;
				LD_RUNPATH_SEARCH_PATHS = "$(inherited) @executable_path/Frameworks";
				PRODUCT_BUNDLE_IDENTIFIER = "com.diqidaimu.LGW-TableViewAnimation";
				PRODUCT_NAME = "$(TARGET_NAME)";
			};
			name = Release;
		};
		FD2FDE1B1CCE619F009D6D78 /* Debug */ = {
			isa = XCBuildConfiguration;
			buildSettings = {
				BUNDLE_LOADER = "$(TEST_HOST)";
				INFOPLIST_FILE = LGW_TableViewAnimationTests/Info.plist;
				LD_RUNPATH_SEARCH_PATHS = "$(inherited) @executable_path/Frameworks @loader_path/Frameworks";
				PRODUCT_BUNDLE_IDENTIFIER = "com.diqidaimu.LGW-TableViewAnimationTests";
				PRODUCT_NAME = "$(TARGET_NAME)";
				TEST_HOST = "$(BUILT_PRODUCTS_DIR)/LGW_TableViewAnimation.app/LGW_TableViewAnimation";
			};
			name = Debug;
		};
		FD2FDE1C1CCE619F009D6D78 /* Release */ = {
			isa = XCBuildConfiguration;
			buildSettings = {
				BUNDLE_LOADER = "$(TEST_HOST)";
				INFOPLIST_FILE = LGW_TableViewAnimationTests/Info.plist;
				LD_RUNPATH_SEARCH_PATHS = "$(inherited) @executable_path/Frameworks @loader_path/Frameworks";
				PRODUCT_BUNDLE_IDENTIFIER = "com.diqidaimu.LGW-TableViewAnimationTests";
				PRODUCT_NAME = "$(TARGET_NAME)";
				TEST_HOST = "$(BUILT_PRODUCTS_DIR)/LGW_TableViewAnimation.app/LGW_TableViewAnimation";
			};
			name = Release;
		};
		FD2FDE1E1CCE619F009D6D78 /* Debug */ = {
			isa = XCBuildConfiguration;
			buildSettings = {
				INFOPLIST_FILE = LGW_TableViewAnimationUITests/Info.plist;
				LD_RUNPATH_SEARCH_PATHS = "$(inherited) @executable_path/Frameworks @loader_path/Frameworks";
				PRODUCT_BUNDLE_IDENTIFIER = "com.diqidaimu.LGW-TableViewAnimationUITests";
				PRODUCT_NAME = "$(TARGET_NAME)";
				TEST_TARGET_NAME = LGW_TableViewAnimation;
			};
			name = Debug;
		};
		FD2FDE1F1CCE619F009D6D78 /* Release */ = {
			isa = XCBuildConfiguration;
			buildSettings = {
				INFOPLIST_FILE = LGW_TableViewAnimationUITests/Info.plist;
				LD_RUNPATH_SEARCH_PATHS = "$(inherited) @executable_path/Frameworks @loader_path/Frameworks";
				PRODUCT_BUNDLE_IDENTIFIER = "com.diqidaimu.LGW-TableViewAnimationUITests";
				PRODUCT_NAME = "$(TARGET_NAME)";
				TEST_TARGET_NAME = LGW_TableViewAnimation;
			};
			name = Release;
		};
/* End XCBuildConfiguration section */

/* Begin XCConfigurationList section */
		FD2FDDE51CCE619F009D6D78 /* Build configuration list for PBXProject "LGW_TableViewAnimation" */ = {
			isa = XCConfigurationList;
			buildConfigurations = (
				FD2FDE151CCE619F009D6D78 /* Debug */,
				FD2FDE161CCE619F009D6D78 /* Release */,
			);
			defaultConfigurationIsVisible = 0;
			defaultConfigurationName = Release;
		};
		FD2FDE171CCE619F009D6D78 /* Build configuration list for PBXNativeTarget "LGW_TableViewAnimation" */ = {
			isa = XCConfigurationList;
			buildConfigurations = (
				FD2FDE181CCE619F009D6D78 /* Debug */,
				FD2FDE191CCE619F009D6D78 /* Release */,
			);
			defaultConfigurationIsVisible = 0;
			defaultConfigurationName = Release;
		};
		FD2FDE1A1CCE619F009D6D78 /* Build configuration list for PBXNativeTarget "LGW_TableViewAnimationTests" */ = {
			isa = XCConfigurationList;
			buildConfigurations = (
				FD2FDE1B1CCE619F009D6D78 /* Debug */,
				FD2FDE1C1CCE619F009D6D78 /* Release */,
			);
			defaultConfigurationIsVisible = 0;
			defaultConfigurationName = Release;
		};
		FD2FDE1D1CCE619F009D6D78 /* Build configuration list for PBXNativeTarget "LGW_TableViewAnimationUITests" */ = {
			isa = XCConfigurationList;
			buildConfigurations = (
				FD2FDE1E1CCE619F009D6D78 /* Debug */,
				FD2FDE1F1CCE619F009D6D78 /* Release */,
			);
			defaultConfigurationIsVisible = 0;
			defaultConfigurationName = Release;
		};
/* End XCConfigurationList section */
	};
	rootObject = FD2FDDE21CCE619F009D6D78 /* Project object */;
}
